Microsoft Visual Studio Solution File, Format Version 12.00
Project("{FAE04EC0-301F-11D3-BF4B-00C04F79EFBC}") = "SharpGun", "SharpGun\SharpGun.csproj", "{1B5EB9D8-7270-4E39-B45C-E7453FBC9AA5}"
EndProject
Project("{FAE04EC0-301F-11D3-BF4B-00C04F79EFBC}") = "PureSharpGun", "PureSharpGun\PureSharpGun.csproj", "{FF6CA359-0938-40B0-BF72-81C0E5B831BF}"
EndProject
Global
	GlobalSection(SolutionConfigurationPlatforms) = preSolution
		Debug|Any CPU = Debug|Any CPU
		Release|Any CPU = Release|Any CPU
	EndGlobalSection
	GlobalSection(ProjectConfigurationPlatforms) = postSolution
		{1B5EB9D8-7270-4E39-B45C-E7453FBC9AA5}.Debug|Any CPU.ActiveCfg = Debug|Any CPU
		{1B5EB9D8-7270-4E39-B45C-E7453FBC9AA5}.Debug|Any CPU.Build.0 = Debug|Any CPU
		{1B5EB9D8-7270-4E39-B45C-E7453FBC9AA5}.Release|Any CPU.ActiveCfg = Release|Any CPU
		{1B5EB9D8-7270-4E39-B45C-E7453FBC9AA5}.Release|Any CPU.Build.0 = Release|Any CPU
		{FF6CA359-0938-40B0-BF72-81C0E5B831BF}.Debug|Any CPU.ActiveCfg = Debug|Any CPU
		{FF6CA359-0938-40B0-BF72-81C0E5B831BF}.Debug|Any CPU.Build.0 = Debug|Any CPU
		{FF6CA359-0938-40B0-BF72-81C0E5B831BF}.Release|Any CPU.ActiveCfg = Release|Any CPU
		{FF6CA359-0938-40B0-BF72-81C0E5B831BF}.Release|Any CPU.Build.0 = Release|Any CPU
	EndGlobalSection
EndGlobal
